
Microsoft Visual Studio Solution File, Format Version 12.00
# Visual Studio Version 17
VisualStudioVersion = 17.6.33723.286
MinimumVisualStudioVersion = 10.0.40219.1
Project("{8BC9CEB8-8B4A-11D0-8D11-00A0C91BC942}") = "main-win-console", "main-win-console\main-win-console.vcxproj", "{97589811-19C4-41E7-BE5A-2039F28D8F36}"
	ProjectSection(ProjectDependencies) = postProject
		{E17CA847-FA88-49FD-BCBE-2BF40ACB3873} = {E17CA847-FA88-49FD-BCBE-2BF40ACB3873}
	EndProjectSection
EndProject
Project("{8BC9CEB8-8B4A-11D0-8D11-00A0C91BC942}") = "raytracer", "raytracer\raytracer.vcxproj", "{E17CA847-FA88-49FD-BCBE-2BF40ACB3873}"
EndProject
Project("{8BC9CEB8-8B4A-11D0-8D11-00A0C91BC942}") = "tests", "tests\unit-tests.vcxproj", "{891751D8-C87C-4005-8A3F-50022B582658}"
	ProjectSection(ProjectDependencies) = postProject
		{E17CA847-FA88-49FD-BCBE-2BF40ACB3873} = {E17CA847-FA88-49FD-BCBE-2BF40ACB3873}
	EndProjectSection
EndProject
Project("{8BC9CEB8-8B4A-11D0-8D11-00A0C91BC942}") = "scripts", "scripts\scripts.vcxproj", "{1BD71300-FF8A-4470-9615-8FA0F13CECDE}"
EndProject
Global
	GlobalSection(SolutionConfigurationPlatforms) = preSolution
		Debug|x64 = Debug|x64
		Debug|x86 = Debug|x86
		Release|x64 = Release|x64
		Release|x86 = Release|x86
	EndGlobalSection
	GlobalSection(ProjectConfigurationPlatforms) = postSolution
		{97589811-19C4-41E7-BE5A-2039F28D8F36}.Debug|x64.ActiveCfg = Debug|x64
		{97589811-19C4-41E7-BE5A-2039F28D8F36}.Debug|x64.Build.0 = Debug|x64
		{97589811-19C4-41E7-BE5A-2039F28D8F36}.Debug|x86.ActiveCfg = Debug|Win32
		{97589811-19C4-41E7-BE5A-2039F28D8F36}.Debug|x86.Build.0 = Debug|Win32
		{97589811-19C4-41E7-BE5A-2039F28D8F36}.Release|x64.ActiveCfg = Release|x64
		{97589811-19C4-41E7-BE5A-2039F28D8F36}.Release|x64.Build.0 = Release|x64
		{97589811-19C4-41E7-BE5A-2039F28D8F36}.Release|x86.ActiveCfg = Release|Win32
		{97589811-19C4-41E7-BE5A-2039F28D8F36}.Release|x86.Build.0 = Release|Win32
		{E17CA847-FA88-49FD-BCBE-2BF40ACB3873}.Debug|x64.ActiveCfg = Debug|x64
		{E17CA847-FA88-49FD-BCBE-2BF40ACB3873}.Debug|x64.Build.0 = Debug|x64
		{E17CA847-FA88-49FD-BCBE-2BF40ACB3873}.Debug|x86.ActiveCfg = Debug|Win32
		{E17CA847-FA88-49FD-BCBE-2BF40ACB3873}.Debug|x86.Build.0 = Debug|Win32
		{E17CA847-FA88-49FD-BCBE-2BF40ACB3873}.Release|x64.ActiveCfg = Release|x64
		{E17CA847-FA88-49FD-BCBE-2BF40ACB3873}.Release|x64.Build.0 = Release|x64
		{E17CA847-FA88-49FD-BCBE-2BF40ACB3873}.Release|x86.ActiveCfg = Release|Win32
		{E17CA847-FA88-49FD-BCBE-2BF40ACB3873}.Release|x86.Build.0 = Release|Win32
		{891751D8-C87C-4005-8A3F-50022B582658}.Debug|x64.ActiveCfg = Debug|x64
		{891751D8-C87C-4005-8A3F-50022B582658}.Debug|x64.Build.0 = Debug|x64
		{891751D8-C87C-4005-8A3F-50022B582658}.Debug|x86.ActiveCfg = Debug|Win32
		{891751D8-C87C-4005-8A3F-50022B582658}.Debug|x86.Build.0 = Debug|Win32
		{891751D8-C87C-4005-8A3F-50022B582658}.Release|x64.ActiveCfg = Release|x64
		{891751D8-C87C-4005-8A3F-50022B582658}.Release|x64.Build.0 = Release|x64
		{891751D8-C87C-4005-8A3F-50022B582658}.Release|x86.ActiveCfg = Release|Win32
		{891751D8-C87C-4005-8A3F-50022B582658}.Release|x86.Build.0 = Release|Win32
		{1BD71300-FF8A-4470-9615-8FA0F13CECDE}.Debug|x64.ActiveCfg = Debug|x64
		{1BD71300-FF8A-4470-9615-8FA0F13CECDE}.Debug|x64.Build.0 = Debug|x64
		{1BD71300-FF8A-4470-9615-8FA0F13CECDE}.Debug|x86.ActiveCfg = Debug|Win32
		{1BD71300-FF8A-4470-9615-8FA0F13CECDE}.Debug|x86.Build.0 = Debug|Win32
		{1BD71300-FF8A-4470-9615-8FA0F13CECDE}.Release|x64.ActiveCfg = Release|x64
		{1BD71300-FF8A-4470-9615-8FA0F13CECDE}.Release|x64.Build.0 = Release|x64
		{1BD71300-FF8A-4470-9615-8FA0F13CECDE}.Release|x86.ActiveCfg = Release|Win32
		{1BD71300-FF8A-4470-9615-8FA0F13CECDE}.Release|x86.Build.0 = Release|Win32
	EndGlobalSection
	GlobalSection(SolutionProperties) = preSolution
		HideSolutionNode = FALSE
	EndGlobalSection
	GlobalSection(ExtensibilityGlobals) = postSolution
		SolutionGuid = {44694573-9ECD-461D-95BA-0CAF32CEC650}
	EndGlobalSection
EndGlobal
